// !$*UTF8*$!
{
	archiveVersion = 1;
	classes = {
	};
	objectVersion = 77;
	objects = {

/* Begin PBXBuildFile section */
		75688C232DC3A82400275524 /* GoogleService-Info.plist in Resources */ = {isa = PBXBuildFile; fileRef = 75D360942DC27AF6007843D3 /* GoogleService-Info.plist */; };
		759E99D02DD35C2E002B117E /* countries.json in Resources */ = {isa = PBXBuildFile; fileRef = 759E99CF2DD35C2E002B117E /* countries.json */; };
		75D35F9F2DB27D92007843D3 /* Assets.xcassets in Resources */ = {isa = PBXBuildFile; fileRef = 75D35F9B2DB27D92007843D3 /* Assets.xcassets */; };
		75D35FCC2DB27D92007843D3 /* CoffeeApp.swift in Sources */ = {isa = PBXBuildFile; fileRef = 75D35F9C2DB27D92007843D3 /* CoffeeApp.swift */; };
		75D360972DC27CA7007843D3 /* FirebaseAnalytics in Frameworks */ = {isa = PBXBuildFile; productRef = 75D360962DC27CA7007843D3 /* FirebaseAnalytics */; };
		75D360992DC27CA7007843D3 /* FirebaseAuth in Frameworks */ = {isa = PBXBuildFile; productRef = 75D360982DC27CA7007843D3 /* FirebaseAuth */; };
		75D3609B2DC27CA7007843D3 /* FirebaseCore in Frameworks */ = {isa = PBXBuildFile; productRef = 75D3609A2DC27CA7007843D3 /* FirebaseCore */; };
		75D3609D2DC27CA7007843D3 /* FirebaseFirestore in Frameworks */ = {isa = PBXBuildFile; productRef = 75D3609C2DC27CA7007843D3 /* FirebaseFirestore */; };
		75D3609F2DC27CA7007843D3 /* FirebaseStorage in Frameworks */ = {isa = PBXBuildFile; productRef = 75D3609E2DC27CA7007843D3 /* FirebaseStorage */; };
/* End PBXBuildFile section */

/* Begin PBXFileReference section */
		759E99CF2DD35C2E002B117E /* countries.json */ = {isa = PBXFileReference; lastKnownFileType = text.json; path = countries.json; sourceTree = "<group>"; };
		75D35F9B2DB27D92007843D3 /* Assets.xcassets */ = {isa = PBXFileReference; lastKnownFileType = folder.assetcatalog; path = Assets.xcassets; sourceTree = "<group>"; };
		75D35F9C2DB27D92007843D3 /* CoffeeApp.swift */ = {isa = PBXFileReference; lastKnownFileType = sourcecode.swift; path = CoffeeApp.swift; sourceTree = "<group>"; };
		75D360942DC27AF6007843D3 /* GoogleService-Info.plist */ = {isa = PBXFileReference; lastKnownFileType = text.plist.xml; path = "GoogleService-Info.plist"; sourceTree = "<group>"; };
		75DA51B02D44FB5F00840578 /* Coffee.app */ = {isa = PBXFileReference; explicitFileType = wrapper.application; includeInIndex = 0; path = Coffee.app; sourceTree = BUILT_PRODUCTS_DIR; };
/* End PBXFileReference section */

/* Begin PBXFileSystemSynchronizedBuildFileExceptionSet section */
		759E99C42DD0CB08002B117E /* Exceptions for "Extentions" folder in "Coffee" target */ = {
			isa = PBXFileSystemSynchronizedBuildFileExceptionSet;
			membershipExceptions = (
				Extentions.swift,
			);
			target = 75DA51AF2D44FB5F00840578 /* Coffee */;
		};
		75D3608F2DC27ABF007843D3 /* Exceptions for "Data" folder in "Coffee" target */ = {
			isa = PBXFileSystemSynchronizedBuildFileExceptionSet;
			membershipExceptions = (
				Firebase/FirebaseRecordRepository.swift,
				Firebase/FirebaseUserRepository.swift,
				Protocols/RecordRepository.swift,
				Protocols/UserRepository.swift,
			);
			target = 75DA51AF2D44FB5F00840578 /* Coffee */;
		};
		75D360902DC27ABF007843D3 /* Exceptions for "Managers" folder in "Coffee" target */ = {
			isa = PBXFileSystemSynchronizedBuildFileExceptionSet;
			membershipExceptions = (
				AuthManager.swift,
				LocationManager.swift,
			);
			target = 75DA51AF2D44FB5F00840578 /* Coffee */;
		};
		75D360912DC27ABF007843D3 /* Exceptions for "Model" folder in "Coffee" target */ = {
			isa = PBXFileSystemSynchronizedBuildFileExceptionSet;
			membershipExceptions = (
				AchievementType.swift,
				Currency.swift,
				DrinkSize.swift,
				DrinkType.swift,
				EquatableCoordinateRegion.swift,
				Filter.swift,
				GeoMap.swift,
				HomeTab.swift,
				Place.swift,
				PlaceType.swift,
				Record.swift,
				Shared/Coordinates.swift,
				Stat.swift,
				User.swift,
			);
			target = 75DA51AF2D44FB5F00840578 /* Coffee */;
		};
		75D360922DC27ABF007843D3 /* Exceptions for "View" folder in "Coffee" target */ = {
			isa = PBXFileSystemSynchronizedBuildFileExceptionSet;
			membershipExceptions = (
				Shared/AddRecordView/AddRecordDetailsList/AddRecordDetailsListView.swift,
				Shared/AddRecordView/AddRecordTitle/AddRecordTitleView.swift,
				Shared/AddRecordView/AddRecordView.swift,
				Shared/AddRecordView/CofeePriceInput/CoffeePriceInput.swift,
				Shared/AddRecordView/CofeeTypeCarousel/CoffeeTypeCarousel.swift,
				Shared/AddRecordView/CoffeeSizeSegment/CoffeeSizeSegment.swift,
				Shared/AddRecordView/FullMapView/CancelButton/CancelButton.swift,
				Shared/AddRecordView/FullMapView/LocationInfoView/LocationInfoView.swift,
				Shared/AddRecordView/FullMapView/LocationSearchActivationButton/LocationSearchActivationButton.swift,
				Shared/AddRecordView/FullMapView/LocationSearchView/LocationSearchResultCell/LocationSearchResultCell.swift,
				Shared/AddRecordView/FullMapView/LocationSearchView/LocationSearchView.swift,
				Shared/AddRecordView/FullMapView/SelectButton/SelectButton.swift,
				Shared/AddRecordView/LocationPickerView/FullMapView2.swift,
				Shared/AddRecordView/LocationPickerView/PreviewMapView.swift,
				Shared/AddRecordView/LocationPickerView/SearchLocationsView.swift,
				Shared/Auth/AuthView.swift,
				Shared/Buttons/AddDrinkButton.swift,
				Shared/Content/ContentView.swift,
				Shared/DateIntervalPicker/DateIntervalPickerView.swift,
				Shared/DateIntervalPicker/Month/MonthView.swift,
				Shared/StatTag/StatTag.swift,
				Tabs/Calendar/CalendarDay/CalendarDayView.swift,
				Tabs/Calendar/CalendarMonthGrid/CalendarMonthGridView.swift,
				Tabs/Calendar/CalendarTabView.swift,
				Tabs/Calendar/RecordRow/RecordRowView.swift,
				Tabs/Charts/ChartsTabView.swift,
				Tabs/Charts/ChartsTabView2.swift,
				Tabs/Charts/DonutChartView.swift,
				Tabs/Charts/ProfilePreview/Profile/ProfileView.swift,
				Tabs/Charts/ProfilePreview/ProfilePreviewView.swift,
				Tabs/Charts/Stats/ByDrinkType/PreviewStatByDrinkTypeView.swift,
				Tabs/Charts/Stats/ByDrinkType/StatByDrinkTypeBarChartView.swift,
				Tabs/Charts/Stats/ByDrinkType/StatByDrinkTypePieChartView.swift,
				Tabs/Charts/Stats/ByDrinkType/StatByDrinkTypeView.swift,
				Tabs/Charts/Stats/ByExpenses/PreviewStatByExpensesView.swift,
				Tabs/Charts/Stats/ByExpenses/StatByExpensesView.swift,
				Tabs/Charts/Stats/ByQuantity/DailyRecordsChartView.swift,
				Tabs/Charts/Stats/ByQuantity/MounthlyRecordsChartView.swift,
				Tabs/Charts/Stats/ByQuantity/PreviewStatByQuantityView.swift,
				Tabs/Charts/Stats/ByQuantity/StatByQuantityView.swift,
				Tabs/Charts/Stats/ByQuantity/WeeklyRecordsChartView.swift,
				Tabs/GeoMap/CountriesMap/CountriesMapView.swift,
				Tabs/GeoMap/GeoMapTabView.swift,
				Tabs/GeoMap/LocationsMapView/LocationsMapView.swift,
				Tabs/GeoMap/Stats/GeoStatsView.swift,
				Tabs/GeoMap/StatsOverlay/StatsOverlayView.swift,
				Tabs/Settings/SettingsTabView.swift,
			);
			target = 75DA51AF2D44FB5F00840578 /* Coffee */;
		};
		75D360932DC27ABF007843D3 /* Exceptions for "View Model" folder in "Coffee" target */ = {
			isa = PBXFileSystemSynchronizedBuildFileExceptionSet;
			membershipExceptions = (
				Auth/AuthViewModel.swift,
				Location/LocationPickerViewModel.swift,
				Location/LocationSearchViewModel.swift,
				Location/LocationViewModel.swift,
				Record/NewRecordViewModel.swift,
				Record/RecordsViewModel.swift,
			);
			target = 75DA51AF2D44FB5F00840578 /* Coffee */;
		};
/* End PBXFileSystemSynchronizedBuildFileExceptionSet section */

/* Begin PBXFileSystemSynchronizedRootGroup section */
		75688C2E2DCAA12100275524 /* Shared */ = {
			isa = PBXFileSystemSynchronizedRootGroup;
			path = Shared;
			sourceTree = "<group>";
		};
		75D3600B2DC27ABF007843D3 /* Data */ = {
			isa = PBXFileSystemSynchronizedRootGroup;
			exceptions = (
				75D3608F2DC27ABF007843D3 /* Exceptions for "Data" folder in "Coffee" target */,
			);
			path = Data;
			sourceTree = "<group>";
		};
		75D3600C2DC27ABF007843D3 /* Extentions */ = {
			isa = PBXFileSystemSynchronizedRootGroup;
			exceptions = (
				759E99C42DD0CB08002B117E /* Exceptions for "Extentions" folder in "Coffee" target */,
			);
			path = Extentions;
			sourceTree = "<group>";
		};
		75D3600E2DC27ABF007843D3 /* Managers */ = {
			isa = PBXFileSystemSynchronizedRootGroup;
			exceptions = (
				75D360902DC27ABF007843D3 /* Exceptions for "Managers" folder in "Coffee" target */,
			);
			path = Managers;
			sourceTree = "<group>";
		};
		75D360182DC27ABF007843D3 /* Model */ = {
			isa = PBXFileSystemSynchronizedRootGroup;
			exceptions = (
				75D360912DC27ABF007843D3 /* Exceptions for "Model" folder in "Coffee" target */,
			);
			path = Model;
			sourceTree = "<group>";
		};
		75D3601A2DC27ABF007843D3 /* Preview Content */ = {
			isa = PBXFileSystemSynchronizedRootGroup;
			path = "Preview Content";
			sourceTree = "<group>";
		};
		75D360532DC27ABF007843D3 /* View */ = {
			isa = PBXFileSystemSynchronizedRootGroup;
			exceptions = (
				75D360922DC27ABF007843D3 /* Exceptions for "View" folder in "Coffee" target */,
			);
			path = View;
			sourceTree = "<group>";
		};
		75D3605B2DC27ABF007843D3 /* View Model */ = {
			isa = PBXFileSystemSynchronizedRootGroup;
			exceptions = (
				75D360932DC27ABF007843D3 /* Exceptions for "View Model" folder in "Coffee" target */,
			);
			path = "View Model";
			sourceTree = "<group>";
		};
/* End PBXFileSystemSynchronizedRootGroup section */

/* Begin PBXFrameworksBuildPhase section */
		75DA51AD2D44FB5F00840578 /* Frameworks */ = {
			isa = PBXFrameworksBuildPhase;
			buildActionMask = 2147483647;
			files = (
				75D360972DC27CA7007843D3 /* FirebaseAnalytics in Frameworks */,
				75D3609D2DC27CA7007843D3 /* FirebaseFirestore in Frameworks */,
				75D3609B2DC27CA7007843D3 /* FirebaseCore in Frameworks */,
				75D3609F2DC27CA7007843D3 /* FirebaseStorage in Frameworks */,
				75D360992DC27CA7007843D3 /* FirebaseAuth in Frameworks */,
			);
			runOnlyForDeploymentPostprocessing = 0;
		};
/* End PBXFrameworksBuildPhase section */

/* Begin PBXGroup section */
		75688C152DC378C800275524 /* Frameworks */ = {
			isa = PBXGroup;
			children = (
			);
			name = Frameworks;
			sourceTree = "<group>";
		};
		75DA51A72D44FB5F00840578 = {
			isa = PBXGroup;
			children = (
				759E99CF2DD35C2E002B117E /* countries.json */,
				75688C2E2DCAA12100275524 /* Shared */,
				75DA51B12D44FB5F00840578 /* Products */,
				75D3600B2DC27ABF007843D3 /* Data */,
				75D3600C2DC27ABF007843D3 /* Extentions */,
				75D3600E2DC27ABF007843D3 /* Managers */,
				75D360182DC27ABF007843D3 /* Model */,
				75D3601A2DC27ABF007843D3 /* Preview Content */,
				75D360532DC27ABF007843D3 /* View */,
				75D3605B2DC27ABF007843D3 /* View Model */,
				75D35F9B2DB27D92007843D3 /* Assets.xcassets */,
				75D35F9C2DB27D92007843D3 /* CoffeeApp.swift */,
				75D360942DC27AF6007843D3 /* GoogleService-Info.plist */,
				75688C152DC378C800275524 /* Frameworks */,
			);
			sourceTree = "<group>";
		};
		75DA51B12D44FB5F00840578 /* Products */ = {
			isa = PBXGroup;
			children = (
				75DA51B02D44FB5F00840578 /* Coffee.app */,
			);
			name = Products;
			sourceTree = "<group>";
		};
/* End PBXGroup section */

/* Begin PBXNativeTarget section */
		75DA51AF2D44FB5F00840578 /* Coffee */ = {
			isa = PBXNativeTarget;
			buildConfigurationList = 75DA51BE2D44FB6100840578 /* Build configuration list for PBXNativeTarget "Coffee" */;
			buildPhases = (
				75DA51AC2D44FB5F00840578 /* Sources */,
				75DA51AD2D44FB5F00840578 /* Frameworks */,
				75DA51AE2D44FB5F00840578 /* Resources */,
			);
			buildRules = (
			);
			dependencies = (
			);
			fileSystemSynchronizedGroups = (
				75D3601A2DC27ABF007843D3 /* Preview Content */,
			);
			name = Coffee;
			packageProductDependencies = (
				75D360962DC27CA7007843D3 /* FirebaseAnalytics */,
				75D360982DC27CA7007843D3 /* FirebaseAuth */,
				75D3609A2DC27CA7007843D3 /* FirebaseCore */,
				75D3609C2DC27CA7007843D3 /* FirebaseFirestore */,
				75D3609E2DC27CA7007843D3 /* FirebaseStorage */,
			);
			productName = Coffee;
			productReference = 75DA51B02D44FB5F00840578 /* Coffee.app */;
			productType = "com.apple.product-type.application";
		};
/* End PBXNativeTarget section */

/* Begin PBXProject section */
		75DA51A82D44FB5F00840578 /* Project object */ = {
			isa = PBXProject;
			attributes = {
				BuildIndependentTargetsInParallel = 1;
				LastSwiftUpdateCheck = 1620;
				LastUpgradeCheck = 1620;
				TargetAttributes = {
					75DA51AF2D44FB5F00840578 = {
						CreatedOnToolsVersion = 16.2;
					};
				};
			};
			buildConfigurationList = 75DA51AB2D44FB5F00840578 /* Build configuration list for PBXProject "Coffee" */;
			developmentRegion = en;
			hasScannedForEncodings = 0;
			knownRegions = (
				en,
				Base,
			);
			mainGroup = 75DA51A72D44FB5F00840578;
			minimizedProjectReferenceProxies = 1;
			packageReferences = (
				75D360952DC27CA7007843D3 /* XCRemoteSwiftPackageReference "firebase-ios-sdk" */,
			);
			preferredProjectObjectVersion = 77;
			productRefGroup = 75DA51B12D44FB5F00840578 /* Products */;
			projectDirPath = "";
			projectRoot = "";
			targets = (
				75DA51AF2D44FB5F00840578 /* Coffee */,
			);
		};
/* End PBXProject section */

/* Begin PBXResourcesBuildPhase section */
		75DA51AE2D44FB5F00840578 /* Resources */ = {
			isa = PBXResourcesBuildPhase;
			buildActionMask = 2147483647;
			files = (
				75D35F9F2DB27D92007843D3 /* Assets.xcassets in Resources */,
				759E99D02DD35C2E002B117E /* countries.json in Resources */,
				75688C232DC3A82400275524 /* GoogleService-Info.plist in Resources */,
			);
			runOnlyForDeploymentPostprocessing = 0;
		};
/* End PBXResourcesBuildPhase section */

/* Begin PBXSourcesBuildPhase section */
		75DA51AC2D44FB5F00840578 /* Sources */ = {
			isa = PBXSourcesBuildPhase;
			buildActionMask = 2147483647;
			files = (
				75D35FCC2DB27D92007843D3 /* CoffeeApp.swift in Sources */,
			);
			runOnlyForDeploymentPostprocessing = 0;
		};
/* End PBXSourcesBuildPhase section */

/* Begin XCBuildConfiguration section */
		75DA51BC2D44FB6100840578 /* Debug */ = {
			isa = XCBuildConfiguration;
			buildSettings = {
				ALWAYS_SEARCH_USER_PATHS = NO;
				ASSETCATALOG_COMPILER_GENERATE_SWIFT_ASSET_SYMBOL_EXTENSIONS = YES;
				CLANG_ANALYZER_NONNULL = YES;
				CLANG_ANALYZER_NUMBER_OBJECT_CONVERSION = YES_AGGRESSIVE;
				CLANG_CXX_LANGUAGE_STANDARD = "gnu++20";
				CLANG_ENABLE_MODULES = YES;
				CLANG_ENABLE_OBJC_ARC = YES;
				CLANG_ENABLE_OBJC_WEAK = YES;
				CLANG_WARN_BLOCK_CAPTURE_AUTORELEASING = YES;
				CLANG_WARN_BOOL_CONVERSION = YES;
				CLANG_WARN_COMMA = YES;
				CLANG_WARN_CONSTANT_CONVERSION = YES;
				CLANG_WARN_DEPRECATED_OBJC_IMPLEMENTATIONS = YES;
				CLANG_WARN_DIRECT_OBJC_ISA_USAGE = YES_ERROR;
				CLANG_WARN_DOCUMENTATION_COMMENTS = YES;
				CLANG_WARN_EMPTY_BODY = YES;
				CLANG_WARN_ENUM_CONVERSION = YES;
				CLANG_WARN_INFINITE_RECURSION = YES;
				CLANG_WARN_INT_CONVERSION = YES;
				CLANG_WARN_NON_LITERAL_NULL_CONVERSION = YES;
				CLANG_WARN_OBJC_IMPLICIT_RETAIN_SELF = YES;
				CLANG_WARN_OBJC_LITERAL_CONVERSION = YES;
				CLANG_WARN_OBJC_ROOT_CLASS = YES_ERROR;
				CLANG_WARN_QUOTED_INCLUDE_IN_FRAMEWORK_HEADER = YES;
				CLANG_WARN_RANGE_LOOP_ANALYSIS = YES;
				CLANG_WARN_STRICT_PROTOTYPES = YES;
				CLANG_WARN_SUSPICIOUS_MOVE = YES;
				CLANG_WARN_UNGUARDED_AVAILABILITY = YES_AGGRESSIVE;
				CLANG_WARN_UNREACHABLE_CODE = YES;
				CLANG_WARN__DUPLICATE_METHOD_MATCH = YES;
				COPY_PHASE_STRIP = NO;
				DEBUG_INFORMATION_FORMAT = dwarf;
				ENABLE_STRICT_OBJC_MSGSEND = YES;
				ENABLE_TESTABILITY = YES;
				ENABLE_USER_SCRIPT_SANDBOXING = YES;
				GCC_C_LANGUAGE_STANDARD = gnu17;
				GCC_DYNAMIC_NO_PIC = NO;
				GCC_NO_COMMON_BLOCKS = YES;
				GCC_OPTIMIZATION_LEVEL = 0;
				GCC_PREPROCESSOR_DEFINITIONS = (
					"DEBUG=1",
					"$(inherited)",
				);
				GCC_WARN_64_TO_32_BIT_CONVERSION = YES;
				GCC_WARN_ABOUT_RETURN_TYPE = YES_ERROR;
				GCC_WARN_UNDECLARED_SELECTOR = YES;
				GCC_WARN_UNINITIALIZED_AUTOS = YES_AGGRESSIVE;
				GCC_WARN_UNUSED_FUNCTION = YES;
				GCC_WARN_UNUSED_VARIABLE = YES;
				IPHONEOS_DEPLOYMENT_TARGET = 18.2;
				LOCALIZATION_PREFERS_STRING_CATALOGS = YES;
				MTL_ENABLE_DEBUG_INFO = INCLUDE_SOURCE;
				MTL_FAST_MATH = YES;
				ONLY_ACTIVE_ARCH = YES;
				SDKROOT = iphoneos;
				SWIFT_ACTIVE_COMPILATION_CONDITIONS = "DEBUG $(inherited)";
				SWIFT_OPTIMIZATION_LEVEL = "-Onone";
			};
			name = Debug;
		};
		75DA51BD2D44FB6100840578 /* Release */ = {
			isa = XCBuildConfiguration;
			buildSettings = {
				ALWAYS_SEARCH_USER_PATHS = NO;
				ASSETCATALOG_COMPILER_GENERATE_SWIFT_ASSET_SYMBOL_EXTENSIONS = YES;
				CLANG_ANALYZER_NONNULL = YES;
				CLANG_ANALYZER_NUMBER_OBJECT_CONVERSION = YES_AGGRESSIVE;
				CLANG_CXX_LANGUAGE_STANDARD = "gnu++20";
				CLANG_ENABLE_MODULES = YES;
				CLANG_ENABLE_OBJC_ARC = YES;
				CLANG_ENABLE_OBJC_WEAK = YES;
				CLANG_WARN_BLOCK_CAPTURE_AUTORELEASING = YES;
				CLANG_WARN_BOOL_CONVERSION = YES;
				CLANG_WARN_COMMA = YES;
				CLANG_WARN_CONSTANT_CONVERSION = YES;
				CLANG_WARN_DEPRECATED_OBJC_IMPLEMENTATIONS = YES;
				CLANG_WARN_DIRECT_OBJC_ISA_USAGE = YES_ERROR;
				CLANG_WARN_DOCUMENTATION_COMMENTS = YES;
				CLANG_WARN_EMPTY_BODY = YES;
				CLANG_WARN_ENUM_CONVERSION = YES;
				CLANG_WARN_INFINITE_RECURSION = YES;
				CLANG_WARN_INT_CONVERSION = YES;
				CLANG_WARN_NON_LITERAL_NULL_CONVERSION = YES;
				CLANG_WARN_OBJC_IMPLICIT_RETAIN_SELF = YES;
				CLANG_WARN_OBJC_LITERAL_CONVERSION = YES;
				CLANG_WARN_OBJC_ROOT_CLASS = YES_ERROR;
				CLANG_WARN_QUOTED_INCLUDE_IN_FRAMEWORK_HEADER = YES;
				CLANG_WARN_RANGE_LOOP_ANALYSIS = YES;
				CLANG_WARN_STRICT_PROTOTYPES = YES;
				CLANG_WARN_SUSPICIOUS_MOVE = YES;
				CLANG_WARN_UNGUARDED_AVAILABILITY = YES_AGGRESSIVE;
				CLANG_WARN_UNREACHABLE_CODE = YES;
				CLANG_WARN__DUPLICATE_METHOD_MATCH = YES;
				COPY_PHASE_STRIP = NO;
				DEBUG_INFORMATION_FORMAT = "dwarf-with-dsym";
				ENABLE_NS_ASSERTIONS = NO;
				ENABLE_STRICT_OBJC_MSGSEND = YES;
				ENABLE_USER_SCRIPT_SANDBOXING = YES;
				GCC_C_LANGUAGE_STANDARD = gnu17;
				GCC_NO_COMMON_BLOCKS = YES;
				GCC_WARN_64_TO_32_BIT_CONVERSION = YES;
				GCC_WARN_ABOUT_RETURN_TYPE = YES_ERROR;
				GCC_WARN_UNDECLARED_SELECTOR = YES;
				GCC_WARN_UNINITIALIZED_AUTOS = YES_AGGRESSIVE;
				GCC_WARN_UNUSED_FUNCTION = YES;
				GCC_WARN_UNUSED_VARIABLE = YES;
				IPHONEOS_DEPLOYMENT_TARGET = 18.2;
				LOCALIZATION_PREFERS_STRING_CATALOGS = YES;
				MTL_ENABLE_DEBUG_INFO = NO;
				MTL_FAST_MATH = YES;
				SDKROOT = iphoneos;
				SWIFT_COMPILATION_MODE = wholemodule;
				VALIDATE_PRODUCT = YES;
			};
			name = Release;
		};
		75DA51BF2D44FB6100840578 /* Debug */ = {
			isa = XCBuildConfiguration;
			buildSettings = {
				ASSETCATALOG_COMPILER_APPICON_NAME = AppIcon;
				ASSETCATALOG_COMPILER_GLOBAL_ACCENT_COLOR_NAME = AccentColor;
				CODE_SIGN_STYLE = Automatic;
				CURRENT_PROJECT_VERSION = 1;
				DEVELOPMENT_ASSET_PATHS = "";
				ENABLE_PREVIEWS = YES;
				GENERATE_INFOPLIST_FILE = YES;
				INFOPLIST_KEY_NSLocationWhenInUseUsageDescription = "Please allow us to access your location to use map features";
				INFOPLIST_KEY_UIApplicationSceneManifest_Generation = YES;
				INFOPLIST_KEY_UIApplicationSupportsIndirectInputEvents = YES;
				INFOPLIST_KEY_UILaunchScreen_Generation = YES;
				INFOPLIST_KEY_UISupportedInterfaceOrientations_iPad = "UIInterfaceOrientationPortrait UIInterfaceOrientationPortraitUpsideDown UIInterfaceOrientationLandscapeLeft UIInterfaceOrientationLandscapeRight";
				INFOPLIST_KEY_UISupportedInterfaceOrientations_iPhone = "UIInterfaceOrientationPortrait UIInterfaceOrientationLandscapeLeft UIInterfaceOrientationLandscapeRight";
				LD_RUNPATH_SEARCH_PATHS = (
					"$(inherited)",
					"@executable_path/Frameworks",
				);
				MARKETING_VERSION = 1.0;
				PRODUCT_BUNDLE_IDENTIFIER = com.andreidev.Coffee;
				PRODUCT_NAME = "$(TARGET_NAME)";
				SWIFT_EMIT_LOC_STRINGS = YES;
				SWIFT_VERSION = 5.0;
				TARGETED_DEVICE_FAMILY = "1,2";
			};
			name = Debug;
		};
		75DA51C02D44FB6100840578 /* Release */ = {
			isa = XCBuildConfiguration;
			buildSettings = {
				ASSETCATALOG_COMPILER_APPICON_NAME = AppIcon;
				ASSETCATALOG_COMPILER_GLOBAL_ACCENT_COLOR_NAME = AccentColor;
				CODE_SIGN_STYLE = Automatic;
				CURRENT_PROJECT_VERSION = 1;
				DEVELOPMENT_ASSET_PATHS = "";
				ENABLE_PREVIEWS = YES;
				GENERATE_INFOPLIST_FILE = YES;
				INFOPLIST_KEY_NSLocationWhenInUseUsageDescription = "Please allow us to access your location to use map features";
				INFOPLIST_KEY_UIApplicationSceneManifest_Generation = YES;
				INFOPLIST_KEY_UIApplicationSupportsIndirectInputEvents = YES;
				INFOPLIST_KEY_UILaunchScreen_Generation = YES;
				INFOPLIST_KEY_UISupportedInterfaceOrientations_iPad = "UIInterfaceOrientationPortrait UIInterfaceOrientationPortraitUpsideDown UIInterfaceOrientationLandscapeLeft UIInterfaceOrientationLandscapeRight";
				INFOPLIST_KEY_UISupportedInterfaceOrientations_iPhone = "UIInterfaceOrientationPortrait UIInterfaceOrientationLandscapeLeft UIInterfaceOrientationLandscapeRight";
				LD_RUNPATH_SEARCH_PATHS = (
					"$(inherited)",
					"@executable_path/Frameworks",
				);
				MARKETING_VERSION = 1.0;
				PRODUCT_BUNDLE_IDENTIFIER = com.andreidev.Coffee;
				PRODUCT_NAME = "$(TARGET_NAME)";
				SWIFT_EMIT_LOC_STRINGS = YES;
				SWIFT_VERSION = 5.0;
				TARGETED_DEVICE_FAMILY = "1,2";
			};
			name = Release;
		};
/* End XCBuildConfiguration section */

/* Begin XCConfigurationList section */
		75DA51AB2D44FB5F00840578 /* Build configuration list for PBXProject "Coffee" */ = {
			isa = XCConfigurationList;
			buildConfigurations = (
				75DA51BC2D44FB6100840578 /* Debug */,
				75DA51BD2D44FB6100840578 /* Release */,
			);
			defaultConfigurationIsVisible = 0;
			defaultConfigurationName = Release;
		};
		75DA51BE2D44FB6100840578 /* Build configuration list for PBXNativeTarget "Coffee" */ = {
			isa = XCConfigurationList;
			buildConfigurations = (
				75DA51BF2D44FB6100840578 /* Debug */,
				75DA51C02D44FB6100840578 /* Release */,
			);
			defaultConfigurationIsVisible = 0;
			defaultConfigurationName = Release;
		};
/* End XCConfigurationList section */

/* Begin XCRemoteSwiftPackageReference section */
		75D360952DC27CA7007843D3 /* XCRemoteSwiftPackageReference "firebase-ios-sdk" */ = {
			isa = XCRemoteSwiftPackageReference;
			repositoryURL = "https://github.com/firebase/firebase-ios-sdk";
			requirement = {
				kind = upToNextMajorVersion;
				minimumVersion = 11.12.0;
			};
		};
/* End XCRemoteSwiftPackageReference section */

/* Begin XCSwiftPackageProductDependency section */
		75D360962DC27CA7007843D3 /* FirebaseAnalytics */ = {
			isa = XCSwiftPackageProductDependency;
			package = 75D360952DC27CA7007843D3 /* XCRemoteSwiftPackageReference "firebase-ios-sdk" */;
			productName = FirebaseAnalytics;
		};
		75D360982DC27CA7007843D3 /* FirebaseAuth */ = {
			isa = XCSwiftPackageProductDependency;
			package = 75D360952DC27CA7007843D3 /* XCRemoteSwiftPackageReference "firebase-ios-sdk" */;
			productName = FirebaseAuth;
		};
		75D3609A2DC27CA7007843D3 /* FirebaseCore */ = {
			isa = XCSwiftPackageProductDependency;
			package = 75D360952DC27CA7007843D3 /* XCRemoteSwiftPackageReference "firebase-ios-sdk" */;
			productName = FirebaseCore;
		};
		75D3609C2DC27CA7007843D3 /* FirebaseFirestore */ = {
			isa = XCSwiftPackageProductDependency;
			package = 75D360952DC27CA7007843D3 /* XCRemoteSwiftPackageReference "firebase-ios-sdk" */;
			productName = FirebaseFirestore;
		};
		75D3609E2DC27CA7007843D3 /* FirebaseStorage */ = {
			isa = XCSwiftPackageProductDependency;
			package = 75D360952DC27CA7007843D3 /* XCRemoteSwiftPackageReference "firebase-ios-sdk" */;
			productName = FirebaseStorage;
		};
/* End XCSwiftPackageProductDependency section */
	};
	rootObject = 75DA51A82D44FB5F00840578 /* Project object */;
}
